
Microsoft Visual Studio Solution File, Format Version 12.00
# Visual Studio Version 16
VisualStudioVersion = 16.0.34729.46
MinimumVisualStudioVersion = 10.0.40219.1
Project("{FAE04EC0-301F-11D3-BF4B-00C04F79EFBC}") = "LambdaExpressionAssignment", "LambdaExpressionAssignment\LambdaExpressionAssignment.csproj", "{4E906F97-5289-4840-B39C-03335C102EAE}"
EndProject
Global
	GlobalSection(SolutionConfigurationPlatforms) = preSolution
		Debug|Any CPU = Debug|Any CPU
		Release|Any CPU = Release|Any CPU
	EndGlobalSection
	GlobalSection(ProjectConfigurationPlatforms) = postSolution
		{4E906F97-5289-4840-B39C-03335C102EAE}.Debug|Any CPU.ActiveCfg = Debug|Any CPU
		{4E906F97-5289-4840-B39C-03335C102EAE}.Debug|Any CPU.Build.0 = Debug|Any CPU
		{4E906F97-5289-4840-B39C-03335C102EAE}.Release|Any CPU.ActiveCfg = Release|Any CPU
		{4E906F97-5289-4840-B39C-03335C102EAE}.Release|Any CPU.Build.0 = Release|Any CPU
	EndGlobalSection
	GlobalSection(SolutionProperties) = preSolution
		HideSolutionNode = FALSE
	EndGlobalSection
	GlobalSection(ExtensibilityGlobals) = postSolution
		SolutionGuid = {3DA7F820-9206-4013-ACE8-8C2936DB9CDE}
	EndGlobalSection
EndGlobal
